
Microsoft Visual Studio Solution File, Format Version 12.00
# Visual Studio Version 16
VisualStudioVersion = 16.0.31729.503
MinimumVisualStudioVersion = 10.0.40219.1
Project("{FAE04EC0-301F-11D3-BF4B-00C04F79EFBC}") = "ToDoListApp", "ToDoListApp\ToDoListApp.csproj", "{CC790CAA-7F0B-4F14-9727-FAD044BEC97B}"
EndProject
Global
	GlobalSection(SolutionConfigurationPlatforms) = preSolution
		Debug|Any CPU = Debug|Any CPU
		Release|Any CPU = Release|Any CPU
	EndGlobalSection
	GlobalSection(ProjectConfigurationPlatforms) = postSolution
		{CC790CAA-7F0B-4F14-9727-FAD044BEC97B}.Debug|Any CPU.ActiveCfg = Debug|Any CPU
		{CC790CAA-7F0B-4F14-9727-FAD044BEC97B}.Debug|Any CPU.Build.0 = Debug|Any CPU
		{CC790CAA-7F0B-4F14-9727-FAD044BEC97B}.Release|Any CPU.ActiveCfg = Release|Any CPU
		{CC790CAA-7F0B-4F14-9727-FAD044BEC97B}.Release|Any CPU.Build.0 = Release|Any CPU
	EndGlobalSection
	GlobalSection(SolutionProperties) = preSolution
		HideSolutionNode = FALSE
	EndGlobalSection
	GlobalSection(ExtensibilityGlobals) = postSolution
		SolutionGuid = {914C5CDA-4649-4299-9871-2E9A0BF2A345}
	EndGlobalSection
EndGlobal
